
Microsoft Visual Studio Solution File, Format Version 12.00
# Visual Studio Version 17
VisualStudioVersion = 17.13.35931.197 d17.13
MinimumVisualStudioVersion = 10.0.40219.1
Project("{FAE04EC0-301F-11D3-BF4B-00C04F79EFBC}") = "SysNotas", "SysNotas\SysNotas.csproj", "{D698EAAF-59B2-4543-A56A-3EC1CA47E820}"
EndProject
Global
	GlobalSection(SolutionConfigurationPlatforms) = preSolution
		Debug|Any CPU = Debug|Any CPU
		Release|Any CPU = Release|Any CPU
	EndGlobalSection
	GlobalSection(ProjectConfigurationPlatforms) = postSolution
		{D698EAAF-59B2-4543-A56A-3EC1CA47E820}.Debug|Any CPU.ActiveCfg = Debug|Any CPU
		{D698EAAF-59B2-4543-A56A-3EC1CA47E820}.Debug|Any CPU.Build.0 = Debug|Any CPU
		{D698EAAF-59B2-4543-A56A-3EC1CA47E820}.Release|Any CPU.ActiveCfg = Release|Any CPU
		{D698EAAF-59B2-4543-A56A-3EC1CA47E820}.Release|Any CPU.Build.0 = Release|Any CPU
	EndGlobalSection
	GlobalSection(SolutionProperties) = preSolution
		HideSolutionNode = FALSE
	EndGlobalSection
	GlobalSection(ExtensibilityGlobals) = postSolution
		SolutionGuid = {2E8EBBF2-4BB4-4696-AC79-BFDD6657429D}
	EndGlobalSection
EndGlobal
